// !$*UTF8*$!
{
	archiveVersion = 1;
	classes = {
	};
	objectVersion = 56;
	objects = {

/* Begin PBXBuildFile section */
		042A05622906F62600739D70 /* Secrets.swift in Sources */ = {isa = PBXBuildFile; fileRef = 042A05612906F62600739D70 /* Secrets.swift */; };
		042A05642906F99500739D70 /* OpenWeatherTests.swift in Sources */ = {isa = PBXBuildFile; fileRef = 042A05632906F99500739D70 /* OpenWeatherTests.swift */; };
		042A05652906FD6100739D70 /* OpenWeather.swift in Sources */ = {isa = PBXBuildFile; fileRef = 04A877D229059D2C001B8E76 /* OpenWeather.swift */; };
		042A05662906FDC800739D70 /* Secrets.swift in Sources */ = {isa = PBXBuildFile; fileRef = 042A05612906F62600739D70 /* Secrets.swift */; };
		042FEC1C2903D38D0025986B /* WeatherKitExampleApp.swift in Sources */ = {isa = PBXBuildFile; fileRef = 042FEC1B2903D38D0025986B /* WeatherKitExampleApp.swift */; };
		042FEC1E2903D38D0025986B /* WeeklyWeatherView.swift in Sources */ = {isa = PBXBuildFile; fileRef = 042FEC1D2903D38D0025986B /* WeeklyWeatherView.swift */; };
		042FEC202903D3900025986B /* Assets.xcassets in Resources */ = {isa = PBXBuildFile; fileRef = 042FEC1F2903D3900025986B /* Assets.xcassets */; };
		042FEC232903D3900025986B /* Preview Assets.xcassets in Resources */ = {isa = PBXBuildFile; fileRef = 042FEC222903D3900025986B /* Preview Assets.xcassets */; };
		042FEC2D2903D5440025986B /* WeatherService.swift in Sources */ = {isa = PBXBuildFile; fileRef = 042FEC2C2903D5440025986B /* WeatherService.swift */; };
		042FEC2F2903D7160025986B /* Weather.swift in Sources */ = {isa = PBXBuildFile; fileRef = 042FEC2E2903D7160025986B /* Weather.swift */; };
		042FEC342903D99A0025986B /* AppleWeather.swift in Sources */ = {isa = PBXBuildFile; fileRef = 042FEC332903D99A0025986B /* AppleWeather.swift */; };
		042FEC3C2903E1AA0025986B /* WeatherKitExampleTests.swift in Sources */ = {isa = PBXBuildFile; fileRef = 042FEC3B2903E1AA0025986B /* WeatherKitExampleTests.swift */; };
		042FEC422903E1B20025986B /* WeatherService.swift in Sources */ = {isa = PBXBuildFile; fileRef = 042FEC2C2903D5440025986B /* WeatherService.swift */; };
		042FEC432903E1B20025986B /* Weather.swift in Sources */ = {isa = PBXBuildFile; fileRef = 042FEC2E2903D7160025986B /* Weather.swift */; };
		042FEC442903E1B50025986B /* AppleWeather.swift in Sources */ = {isa = PBXBuildFile; fileRef = 042FEC332903D99A0025986B /* AppleWeather.swift */; };
		046B8CF32907CE20003D470C /* WeeklyWeatherVM.swift in Sources */ = {isa = PBXBuildFile; fileRef = 046B8CF22907CE20003D470C /* WeeklyWeatherVM.swift */; };
		04A877D329059D2C001B8E76 /* OpenWeather.swift in Sources */ = {isa = PBXBuildFile; fileRef = 04A877D229059D2C001B8E76 /* OpenWeather.swift */; };
/* End PBXBuildFile section */

/* Begin PBXContainerItemProxy section */
		042FEC3D2903E1AA0025986B /* PBXContainerItemProxy */ = {
			isa = PBXContainerItemProxy;
			containerPortal = 042FEC102903D38D0025986B /* Project object */;
			proxyType = 1;
			remoteGlobalIDString = 042FEC172903D38D0025986B;
			remoteInfo = WeatherKitExample;
		};
/* End PBXContainerItemProxy section */

/* Begin PBXFileReference section */
		042A05612906F62600739D70 /* Secrets.swift */ = {isa = PBXFileReference; lastKnownFileType = sourcecode.swift; path = Secrets.swift; sourceTree = "<group>"; };
		042A05632906F99500739D70 /* OpenWeatherTests.swift */ = {isa = PBXFileReference; lastKnownFileType = sourcecode.swift; path = OpenWeatherTests.swift; sourceTree = "<group>"; };
		042FEC182903D38D0025986B /* WeatherKitExample.app */ = {isa = PBXFileReference; explicitFileType = wrapper.application; includeInIndex = 0; path = WeatherKitExample.app; sourceTree = BUILT_PRODUCTS_DIR; };
		042FEC1B2903D38D0025986B /* WeatherKitExampleApp.swift */ = {isa = PBXFileReference; lastKnownFileType = sourcecode.swift; path = WeatherKitExampleApp.swift; sourceTree = "<group>"; };
		042FEC1D2903D38D0025986B /* WeeklyWeatherView.swift */ = {isa = PBXFileReference; lastKnownFileType = sourcecode.swift; path = WeeklyWeatherView.swift; sourceTree = "<group>"; };
		042FEC1F2903D3900025986B /* Assets.xcassets */ = {isa = PBXFileReference; lastKnownFileType = folder.assetcatalog; path = Assets.xcassets; sourceTree = "<group>"; };
		042FEC222903D3900025986B /* Preview Assets.xcassets */ = {isa = PBXFileReference; lastKnownFileType = folder.assetcatalog; path = "Preview Assets.xcassets"; sourceTree = "<group>"; };
		042FEC2C2903D5440025986B /* WeatherService.swift */ = {isa = PBXFileReference; lastKnownFileType = sourcecode.swift; path = WeatherService.swift; sourceTree = "<group>"; };
		042FEC2E2903D7160025986B /* Weather.swift */ = {isa = PBXFileReference; lastKnownFileType = sourcecode.swift; path = Weather.swift; sourceTree = "<group>"; };
		042FEC332903D99A0025986B /* AppleWeather.swift */ = {isa = PBXFileReference; lastKnownFileType = sourcecode.swift; path = AppleWeather.swift; sourceTree = "<group>"; };
		042FEC392903E1AA0025986B /* WeatherKitExampleTests.xctest */ = {isa = PBXFileReference; explicitFileType = wrapper.cfbundle; includeInIndex = 0; path = WeatherKitExampleTests.xctest; sourceTree = BUILT_PRODUCTS_DIR; };
		042FEC3B2903E1AA0025986B /* WeatherKitExampleTests.swift */ = {isa = PBXFileReference; lastKnownFileType = sourcecode.swift; path = WeatherKitExampleTests.swift; sourceTree = "<group>"; };
		046B8CF22907CE20003D470C /* WeeklyWeatherVM.swift */ = {isa = PBXFileReference; lastKnownFileType = sourcecode.swift; path = WeeklyWeatherVM.swift; sourceTree = "<group>"; };
		04A877D229059D2C001B8E76 /* OpenWeather.swift */ = {isa = PBXFileReference; lastKnownFileType = sourcecode.swift; path = OpenWeather.swift; sourceTree = "<group>"; };
/* End PBXFileReference section */

/* Begin PBXFrameworksBuildPhase section */
		042FEC152903D38D0025986B /* Frameworks */ = {
			isa = PBXFrameworksBuildPhase;
			buildActionMask = 2147483647;
			files = (
			);
			runOnlyForDeploymentPostprocessing = 0;
		};
		042FEC362903E1AA0025986B /* Frameworks */ = {
			isa = PBXFrameworksBuildPhase;
			buildActionMask = 2147483647;
			files = (
			);
			runOnlyForDeploymentPostprocessing = 0;
		};
/* End PBXFrameworksBuildPhase section */

/* Begin PBXGroup section */
		042FEC0F2903D38D0025986B = {
			isa = PBXGroup;
			children = (
				042FEC1A2903D38D0025986B /* WeatherKitExample */,
				042FEC3A2903E1AA0025986B /* WeatherKitExampleTests */,
				042FEC192903D38D0025986B /* Products */,
			);
			sourceTree = "<group>";
		};
		042FEC192903D38D0025986B /* Products */ = {
			isa = PBXGroup;
			children = (
				042FEC182903D38D0025986B /* WeatherKitExample.app */,
				042FEC392903E1AA0025986B /* WeatherKitExampleTests.xctest */,
			);
			name = Products;
			sourceTree = "<group>";
		};
		042FEC1A2903D38D0025986B /* WeatherKitExample */ = {
			isa = PBXGroup;
			children = (
				042FEC2A2903D4F40025986B /* Model */,
				042FEC292903D4EE0025986B /* View */,
				042FEC1B2903D38D0025986B /* WeatherKitExampleApp.swift */,
				042FEC1F2903D3900025986B /* Assets.xcassets */,
				042FEC212903D3900025986B /* Preview Content */,
			);
			path = WeatherKitExample;
			sourceTree = "<group>";
		};
		042FEC212903D3900025986B /* Preview Content */ = {
			isa = PBXGroup;
			children = (
				042FEC222903D3900025986B /* Preview Assets.xcassets */,
			);
			path = "Preview Content";
			sourceTree = "<group>";
		};
		042FEC292903D4EE0025986B /* View */ = {
			isa = PBXGroup;
			children = (
				042FEC1D2903D38D0025986B /* WeeklyWeatherView.swift */,
			);
			path = View;
			sourceTree = "<group>";
		};
		042FEC2A2903D4F40025986B /* Model */ = {
			isa = PBXGroup;
			children = (
				046B8CF12907CE00003D470C /* ViewModel */,
				042FEC312903D9720025986B /* API */,
			);
			path = Model;
			sourceTree = "<group>";
		};
		042FEC302903D89A0025986B /* WeatherService */ = {
			isa = PBXGroup;
			children = (
				042FEC2C2903D5440025986B /* WeatherService.swift */,
				042FEC2E2903D7160025986B /* Weather.swift */,
			);
			path = WeatherService;
			sourceTree = "<group>";
		};
		042FEC312903D9720025986B /* API */ = {
			isa = PBXGroup;
			children = (
				042FEC322903D98A0025986B /* Providers */,
				042FEC302903D89A0025986B /* WeatherService */,
				042A05612906F62600739D70 /* Secrets.swift */,
			);
			path = API;
			sourceTree = "<group>";
		};
		042FEC322903D98A0025986B /* Providers */ = {
			isa = PBXGroup;
			children = (
				042FEC332903D99A0025986B /* AppleWeather.swift */,
				04A877D229059D2C001B8E76 /* OpenWeather.swift */,
			);
			path = Providers;
			sourceTree = "<group>";
		};
		042FEC3A2903E1AA0025986B /* WeatherKitExampleTests */ = {
			isa = PBXGroup;
			children = (
				042FEC3B2903E1AA0025986B /* WeatherKitExampleTests.swift */,
				042A05632906F99500739D70 /* OpenWeatherTests.swift */,
			);
			path = WeatherKitExampleTests;
			sourceTree = "<group>";
		};
		046B8CF12907CE00003D470C /* ViewModel */ = {
			isa = PBXGroup;
			children = (
				046B8CF22907CE20003D470C /* WeeklyWeatherVM.swift */,
			);
			path = ViewModel;
			sourceTree = "<group>";
		};
/* End PBXGroup section */

/* Begin PBXNativeTarget section */
		042FEC172903D38D0025986B /* WeatherKitExample */ = {
			isa = PBXNativeTarget;
			buildConfigurationList = 042FEC262903D3900025986B /* Build configuration list for PBXNativeTarget "WeatherKitExample" */;
			buildPhases = (
				042FEC142903D38D0025986B /* Sources */,
				042FEC152903D38D0025986B /* Frameworks */,
				042FEC162903D38D0025986B /* Resources */,
			);
			buildRules = (
			);
			dependencies = (
			);
			name = WeatherKitExample;
			productName = WeatherKitExample;
			productReference = 042FEC182903D38D0025986B /* WeatherKitExample.app */;
			productType = "com.apple.product-type.application";
		};
		042FEC382903E1AA0025986B /* WeatherKitExampleTests */ = {
			isa = PBXNativeTarget;
			buildConfigurationList = 042FEC3F2903E1AA0025986B /* Build configuration list for PBXNativeTarget "WeatherKitExampleTests" */;
			buildPhases = (
				042FEC352903E1AA0025986B /* Sources */,
				042FEC362903E1AA0025986B /* Frameworks */,
				042FEC372903E1AA0025986B /* Resources */,
			);
			buildRules = (
			);
			dependencies = (
				042FEC3E2903E1AA0025986B /* PBXTargetDependency */,
			);
			name = WeatherKitExampleTests;
			productName = WeatherKitExampleTests;
			productReference = 042FEC392903E1AA0025986B /* WeatherKitExampleTests.xctest */;
			productType = "com.apple.product-type.bundle.unit-test";
		};
/* End PBXNativeTarget section */

/* Begin PBXProject section */
		042FEC102903D38D0025986B /* Project object */ = {
			isa = PBXProject;
			attributes = {
				BuildIndependentTargetsInParallel = 1;
				LastSwiftUpdateCheck = 1400;
				LastUpgradeCheck = 1400;
				TargetAttributes = {
					042FEC172903D38D0025986B = {
						CreatedOnToolsVersion = 14.0;
					};
					042FEC382903E1AA0025986B = {
						CreatedOnToolsVersion = 14.0;
						TestTargetID = 042FEC172903D38D0025986B;
					};
				};
			};
			buildConfigurationList = 042FEC132903D38D0025986B /* Build configuration list for PBXProject "WeatherKitExample" */;
			compatibilityVersion = "Xcode 14.0";
			developmentRegion = en;
			hasScannedForEncodings = 0;
			knownRegions = (
				en,
				Base,
			);
			mainGroup = 042FEC0F2903D38D0025986B;
			productRefGroup = 042FEC192903D38D0025986B /* Products */;
			projectDirPath = "";
			projectRoot = "";
			targets = (
				042FEC172903D38D0025986B /* WeatherKitExample */,
				042FEC382903E1AA0025986B /* WeatherKitExampleTests */,
			);
		};
/* End PBXProject section */

/* Begin PBXResourcesBuildPhase section */
		042FEC162903D38D0025986B /* Resources */ = {
			isa = PBXResourcesBuildPhase;
			buildActionMask = 2147483647;
			files = (
				042FEC232903D3900025986B /* Preview Assets.xcassets in Resources */,
				042FEC202903D3900025986B /* Assets.xcassets in Resources */,
			);
			runOnlyForDeploymentPostprocessing = 0;
		};
		042FEC372903E1AA0025986B /* Resources */ = {
			isa = PBXResourcesBuildPhase;
			buildActionMask = 2147483647;
			files = (
			);
			runOnlyForDeploymentPostprocessing = 0;
		};
/* End PBXResourcesBuildPhase section */

/* Begin PBXSourcesBuildPhase section */
		042FEC142903D38D0025986B /* Sources */ = {
			isa = PBXSourcesBuildPhase;
			buildActionMask = 2147483647;
			files = (
				04A877D329059D2C001B8E76 /* OpenWeather.swift in Sources */,
				042FEC2F2903D7160025986B /* Weather.swift in Sources */,
				042A05622906F62600739D70 /* Secrets.swift in Sources */,
				042FEC1E2903D38D0025986B /* WeeklyWeatherView.swift in Sources */,
				046B8CF32907CE20003D470C /* WeeklyWeatherVM.swift in Sources */,
				042FEC2D2903D5440025986B /* WeatherService.swift in Sources */,
				042FEC342903D99A0025986B /* AppleWeather.swift in Sources */,
				042FEC1C2903D38D0025986B /* WeatherKitExampleApp.swift in Sources */,
			);
			runOnlyForDeploymentPostprocessing = 0;
		};
		042FEC352903E1AA0025986B /* Sources */ = {
			isa = PBXSourcesBuildPhase;
			buildActionMask = 2147483647;
			files = (
				042A05652906FD6100739D70 /* OpenWeather.swift in Sources */,
				042FEC422903E1B20025986B /* WeatherService.swift in Sources */,
				042A05662906FDC800739D70 /* Secrets.swift in Sources */,
				042FEC432903E1B20025986B /* Weather.swift in Sources */,
				042FEC3C2903E1AA0025986B /* WeatherKitExampleTests.swift in Sources */,
				042FEC442903E1B50025986B /* AppleWeather.swift in Sources */,
				042A05642906F99500739D70 /* OpenWeatherTests.swift in Sources */,
			);
			runOnlyForDeploymentPostprocessing = 0;
		};
/* End PBXSourcesBuildPhase section */

/* Begin PBXTargetDependency section */
		042FEC3E2903E1AA0025986B /* PBXTargetDependency */ = {
			isa = PBXTargetDependency;
			target = 042FEC172903D38D0025986B /* WeatherKitExample */;
			targetProxy = 042FEC3D2903E1AA0025986B /* PBXContainerItemProxy */;
		};
/* End PBXTargetDependency section */

/* Begin XCBuildConfiguration section */
		042FEC242903D3900025986B /* Debug */ = {
			isa = XCBuildConfiguration;
			buildSettings = {
				ALWAYS_SEARCH_USER_PATHS = NO;
				CLANG_ANALYZER_NONNULL = YES;
				CLANG_ANALYZER_NUMBER_OBJECT_CONVERSION = YES_AGGRESSIVE;
				CLANG_CXX_LANGUAGE_STANDARD = "gnu++20";
				CLANG_ENABLE_MODULES = YES;
				CLANG_ENABLE_OBJC_ARC = YES;
				CLANG_ENABLE_OBJC_WEAK = YES;
				CLANG_WARN_BLOCK_CAPTURE_AUTORELEASING = YES;
				CLANG_WARN_BOOL_CONVERSION = YES;
				CLANG_WARN_COMMA = YES;
				CLANG_WARN_CONSTANT_CONVERSION = YES;
				CLANG_WARN_DEPRECATED_OBJC_IMPLEMENTATIONS = YES;
				CLANG_WARN_DIRECT_OBJC_ISA_USAGE = YES_ERROR;
				CLANG_WARN_DOCUMENTATION_COMMENTS = YES;
				CLANG_WARN_EMPTY_BODY = YES;
				CLANG_WARN_ENUM_CONVERSION = YES;
				CLANG_WARN_INFINITE_RECURSION = YES;
				CLANG_WARN_INT_CONVERSION = YES;
				CLANG_WARN_NON_LITERAL_NULL_CONVERSION = YES;
				CLANG_WARN_OBJC_IMPLICIT_RETAIN_SELF = YES;
				CLANG_WARN_OBJC_LITERAL_CONVERSION = YES;
				CLANG_WARN_OBJC_ROOT_CLASS = YES_ERROR;
				CLANG_WARN_QUOTED_INCLUDE_IN_FRAMEWORK_HEADER = YES;
				CLANG_WARN_RANGE_LOOP_ANALYSIS = YES;
				CLANG_WARN_STRICT_PROTOTYPES = YES;
				CLANG_WARN_SUSPICIOUS_MOVE = YES;
				CLANG_WARN_UNGUARDED_AVAILABILITY = YES_AGGRESSIVE;
				CLANG_WARN_UNREACHABLE_CODE = YES;
				CLANG_WARN__DUPLICATE_METHOD_MATCH = YES;
				COPY_PHASE_STRIP = NO;
				DEBUG_INFORMATION_FORMAT = dwarf;
				ENABLE_STRICT_OBJC_MSGSEND = YES;
				ENABLE_TESTABILITY = YES;
				GCC_C_LANGUAGE_STANDARD = gnu11;
				GCC_DYNAMIC_NO_PIC = NO;
				GCC_NO_COMMON_BLOCKS = YES;
				GCC_OPTIMIZATION_LEVEL = 0;
				GCC_PREPROCESSOR_DEFINITIONS = (
					"DEBUG=1",
					"$(inherited)",
				);
				GCC_WARN_64_TO_32_BIT_CONVERSION = YES;
				GCC_WARN_ABOUT_RETURN_TYPE = YES_ERROR;
				GCC_WARN_UNDECLARED_SELECTOR = YES;
				GCC_WARN_UNINITIALIZED_AUTOS = YES_AGGRESSIVE;
				GCC_WARN_UNUSED_FUNCTION = YES;
				GCC_WARN_UNUSED_VARIABLE = YES;
				IPHONEOS_DEPLOYMENT_TARGET = 16.0;
				MTL_ENABLE_DEBUG_INFO = INCLUDE_SOURCE;
				MTL_FAST_MATH = YES;
				ONLY_ACTIVE_ARCH = YES;
				SDKROOT = iphoneos;
				SWIFT_ACTIVE_COMPILATION_CONDITIONS = DEBUG;
				SWIFT_OPTIMIZATION_LEVEL = "-Onone";
			};
			name = Debug;
		};
		042FEC252903D3900025986B /* Release */ = {
			isa = XCBuildConfiguration;
			buildSettings = {
				ALWAYS_SEARCH_USER_PATHS = NO;
				CLANG_ANALYZER_NONNULL = YES;
				CLANG_ANALYZER_NUMBER_OBJECT_CONVERSION = YES_AGGRESSIVE;
				CLANG_CXX_LANGUAGE_STANDARD = "gnu++20";
				CLANG_ENABLE_MODULES = YES;
				CLANG_ENABLE_OBJC_ARC = YES;
				CLANG_ENABLE_OBJC_WEAK = YES;
				CLANG_WARN_BLOCK_CAPTURE_AUTORELEASING = YES;
				CLANG_WARN_BOOL_CONVERSION = YES;
				CLANG_WARN_COMMA = YES;
				CLANG_WARN_CONSTANT_CONVERSION = YES;
				CLANG_WARN_DEPRECATED_OBJC_IMPLEMENTATIONS = YES;
				CLANG_WARN_DIRECT_OBJC_ISA_USAGE = YES_ERROR;
				CLANG_WARN_DOCUMENTATION_COMMENTS = YES;
				CLANG_WARN_EMPTY_BODY = YES;
				CLANG_WARN_ENUM_CONVERSION = YES;
				CLANG_WARN_INFINITE_RECURSION = YES;
				CLANG_WARN_INT_CONVERSION = YES;
				CLANG_WARN_NON_LITERAL_NULL_CONVERSION = YES;
				CLANG_WARN_OBJC_IMPLICIT_RETAIN_SELF = YES;
				CLANG_WARN_OBJC_LITERAL_CONVERSION = YES;
				CLANG_WARN_OBJC_ROOT_CLASS = YES_ERROR;
				CLANG_WARN_QUOTED_INCLUDE_IN_FRAMEWORK_HEADER = YES;
				CLANG_WARN_RANGE_LOOP_ANALYSIS = YES;
				CLANG_WARN_STRICT_PROTOTYPES = YES;
				CLANG_WARN_SUSPICIOUS_MOVE = YES;
				CLANG_WARN_UNGUARDED_AVAILABILITY = YES_AGGRESSIVE;
				CLANG_WARN_UNREACHABLE_CODE = YES;
				CLANG_WARN__DUPLICATE_METHOD_MATCH = YES;
				COPY_PHASE_STRIP = NO;
				DEBUG_INFORMATION_FORMAT = "dwarf-with-dsym";
				ENABLE_NS_ASSERTIONS = NO;
				ENABLE_STRICT_OBJC_MSGSEND = YES;
				GCC_C_LANGUAGE_STANDARD = gnu11;
				GCC_NO_COMMON_BLOCKS = YES;
				GCC_WARN_64_TO_32_BIT_CONVERSION = YES;
				GCC_WARN_ABOUT_RETURN_TYPE = YES_ERROR;
				GCC_WARN_UNDECLARED_SELECTOR = YES;
				GCC_WARN_UNINITIALIZED_AUTOS = YES_AGGRESSIVE;
				GCC_WARN_UNUSED_FUNCTION = YES;
				GCC_WARN_UNUSED_VARIABLE = YES;
				IPHONEOS_DEPLOYMENT_TARGET = 16.0;
				MTL_ENABLE_DEBUG_INFO = NO;
				MTL_FAST_MATH = YES;
				SDKROOT = iphoneos;
				SWIFT_COMPILATION_MODE = wholemodule;
				SWIFT_OPTIMIZATION_LEVEL = "-O";
				VALIDATE_PRODUCT = YES;
			};
			name = Release;
		};
		042FEC272903D3900025986B /* Debug */ = {
			isa = XCBuildConfiguration;
			buildSettings = {
				ASSETCATALOG_COMPILER_APPICON_NAME = AppIcon;
				ASSETCATALOG_COMPILER_GLOBAL_ACCENT_COLOR_NAME = AccentColor;
				CODE_SIGN_STYLE = Automatic;
				CURRENT_PROJECT_VERSION = 1;
				DEVELOPMENT_ASSET_PATHS = "\"WeatherKitExample/Preview Content\"";
				DEVELOPMENT_TEAM = D5XG7478BB;
				ENABLE_PREVIEWS = YES;
				GENERATE_INFOPLIST_FILE = YES;
				INFOPLIST_KEY_UIApplicationSceneManifest_Generation = YES;
				INFOPLIST_KEY_UIApplicationSupportsIndirectInputEvents = YES;
				INFOPLIST_KEY_UILaunchScreen_Generation = YES;
				INFOPLIST_KEY_UISupportedInterfaceOrientations_iPad = "UIInterfaceOrientationPortrait UIInterfaceOrientationPortraitUpsideDown UIInterfaceOrientationLandscapeLeft UIInterfaceOrientationLandscapeRight";
				INFOPLIST_KEY_UISupportedInterfaceOrientations_iPhone = "UIInterfaceOrientationPortrait UIInterfaceOrientationLandscapeLeft UIInterfaceOrientationLandscapeRight";
				LD_RUNPATH_SEARCH_PATHS = (
					"$(inherited)",
					"@executable_path/Frameworks",
				);
				MARKETING_VERSION = 1.0;
				PRODUCT_BUNDLE_IDENTIFIER = com.zzmasoud.WeatherKitExample;
				PRODUCT_NAME = "$(TARGET_NAME)";
				SWIFT_EMIT_LOC_STRINGS = YES;
				SWIFT_VERSION = 5.0;
				TARGETED_DEVICE_FAMILY = "1,2";
			};
			name = Debug;
		};
		042FEC282903D3900025986B /* Release */ = {
			isa = XCBuildConfiguration;
			buildSettings = {
				ASSETCATALOG_COMPILER_APPICON_NAME = AppIcon;
				ASSETCATALOG_COMPILER_GLOBAL_ACCENT_COLOR_NAME = AccentColor;
				CODE_SIGN_STYLE = Automatic;
				CURRENT_PROJECT_VERSION = 1;
				DEVELOPMENT_ASSET_PATHS = "\"WeatherKitExample/Preview Content\"";
				DEVELOPMENT_TEAM = D5XG7478BB;
				ENABLE_PREVIEWS = YES;
				GENERATE_INFOPLIST_FILE = YES;
				INFOPLIST_KEY_UIApplicationSceneManifest_Generation = YES;
				INFOPLIST_KEY_UIApplicationSupportsIndirectInputEvents = YES;
				INFOPLIST_KEY_UILaunchScreen_Generation = YES;
				INFOPLIST_KEY_UISupportedInterfaceOrientations_iPad = "UIInterfaceOrientationPortrait UIInterfaceOrientationPortraitUpsideDown UIInterfaceOrientationLandscapeLeft UIInterfaceOrientationLandscapeRight";
				INFOPLIST_KEY_UISupportedInterfaceOrientations_iPhone = "UIInterfaceOrientationPortrait UIInterfaceOrientationLandscapeLeft UIInterfaceOrientationLandscapeRight";
				LD_RUNPATH_SEARCH_PATHS = (
					"$(inherited)",
					"@executable_path/Frameworks",
				);
				MARKETING_VERSION = 1.0;
				PRODUCT_BUNDLE_IDENTIFIER = com.zzmasoud.WeatherKitExample;
				PRODUCT_NAME = "$(TARGET_NAME)";
				SWIFT_EMIT_LOC_STRINGS = YES;
				SWIFT_VERSION = 5.0;
				TARGETED_DEVICE_FAMILY = "1,2";
			};
			name = Release;
		};
		042FEC402903E1AA0025986B /* Debug */ = {
			isa = XCBuildConfiguration;
			buildSettings = {
				BUNDLE_LOADER = "$(TEST_HOST)";
				CODE_SIGN_STYLE = Automatic;
				CURRENT_PROJECT_VERSION = 1;
				DEVELOPMENT_TEAM = D5XG7478BB;
				GENERATE_INFOPLIST_FILE = YES;
				MARKETING_VERSION = 1.0;
				PRODUCT_BUNDLE_IDENTIFIER = com.zzmasoud.WeatherKitExampleTests;
				PRODUCT_NAME = "$(TARGET_NAME)";
				SWIFT_EMIT_LOC_STRINGS = NO;
				SWIFT_VERSION = 5.0;
				TARGETED_DEVICE_FAMILY = "1,2";
				TEST_HOST = "$(BUILT_PRODUCTS_DIR)/WeatherKitExample.app/$(BUNDLE_EXECUTABLE_FOLDER_PATH)/WeatherKitExample";
			};
			name = Debug;
		};
		042FEC412903E1AA0025986B /* Release */ = {
			isa = XCBuildConfiguration;
			buildSettings = {
				BUNDLE_LOADER = "$(TEST_HOST)";
				CODE_SIGN_STYLE = Automatic;
				CURRENT_PROJECT_VERSION = 1;
				DEVELOPMENT_TEAM = D5XG7478BB;
				GENERATE_INFOPLIST_FILE = YES;
				MARKETING_VERSION = 1.0;
				PRODUCT_BUNDLE_IDENTIFIER = com.zzmasoud.WeatherKitExampleTests;
				PRODUCT_NAME = "$(TARGET_NAME)";
				SWIFT_EMIT_LOC_STRINGS = NO;
				SWIFT_VERSION = 5.0;
				TARGETED_DEVICE_FAMILY = "1,2";
				TEST_HOST = "$(BUILT_PRODUCTS_DIR)/WeatherKitExample.app/$(BUNDLE_EXECUTABLE_FOLDER_PATH)/WeatherKitExample";
			};
			name = Release;
		};
/* End XCBuildConfiguration section */

/* Begin XCConfigurationList section */
		042FEC132903D38D0025986B /* Build configuration list for PBXProject "WeatherKitExample" */ = {
			isa = XCConfigurationList;
			buildConfigurations = (
				042FEC242903D3900025986B /* Debug */,
				042FEC252903D3900025986B /* Release */,
			);
			defaultConfigurationIsVisible = 0;
			defaultConfigurationName = Release;
		};
		042FEC262903D3900025986B /* Build configuration list for PBXNativeTarget "WeatherKitExample" */ = {
			isa = XCConfigurationList;
			buildConfigurations = (
				042FEC272903D3900025986B /* Debug */,
				042FEC282903D3900025986B /* Release */,
			);
			defaultConfigurationIsVisible = 0;
			defaultConfigurationName = Release;
		};
		042FEC3F2903E1AA0025986B /* Build configuration list for PBXNativeTarget "WeatherKitExampleTests" */ = {
			isa = XCConfigurationList;
			buildConfigurations = (
				042FEC402903E1AA0025986B /* Debug */,
				042FEC412903E1AA0025986B /* Release */,
			);
			defaultConfigurationIsVisible = 0;
			defaultConfigurationName = Release;
		};
/* End XCConfigurationList section */
	};
	rootObject = 042FEC102903D38D0025986B /* Project object */;
}
